
Microsoft Visual Studio Solution File, Format Version 12.00
# Visual Studio 15
VisualStudioVersion = 15.0.28010.2050
MinimumVisualStudioVersion = 10.0.40219.1
Project("{FAE04EC0-301F-11D3-BF4B-00C04F79EFBC}") = "DevContact", "DevContact\DevContact.csproj", "{1261DC9B-E982-4D33-B6F1-883CD49EFBFD}"
EndProject
Project("{FAE04EC0-301F-11D3-BF4B-00C04F79EFBC}") = "Test", "Test\Test.csproj", "{69BA9A6A-E41B-4210-82FF-39C2BCF0FC56}"
EndProject
Project("{2150E333-8FDC-42A3-9474-1A3956D46DE8}") = "Solution Items", "Solution Items", "{6F9B11C2-7112-457C-AA8B-A1753DB2FB82}"
	ProjectSection(SolutionItems) = preProject
		ReadMe.Md = ReadMe.Md
	EndProjectSection
EndProject
Global
	GlobalSection(SolutionConfigurationPlatforms) = preSolution
		Debug|Any CPU = Debug|Any CPU
		Release|Any CPU = Release|Any CPU
	EndGlobalSection
	GlobalSection(ProjectConfigurationPlatforms) = postSolution
		{1261DC9B-E982-4D33-B6F1-883CD49EFBFD}.Debug|Any CPU.ActiveCfg = Debug|Any CPU
		{1261DC9B-E982-4D33-B6F1-883CD49EFBFD}.Debug|Any CPU.Build.0 = Debug|Any CPU
		{1261DC9B-E982-4D33-B6F1-883CD49EFBFD}.Release|Any CPU.ActiveCfg = Release|Any CPU
		{1261DC9B-E982-4D33-B6F1-883CD49EFBFD}.Release|Any CPU.Build.0 = Release|Any CPU
		{69BA9A6A-E41B-4210-82FF-39C2BCF0FC56}.Debug|Any CPU.ActiveCfg = Debug|Any CPU
		{69BA9A6A-E41B-4210-82FF-39C2BCF0FC56}.Debug|Any CPU.Build.0 = Debug|Any CPU
		{69BA9A6A-E41B-4210-82FF-39C2BCF0FC56}.Release|Any CPU.ActiveCfg = Release|Any CPU
		{69BA9A6A-E41B-4210-82FF-39C2BCF0FC56}.Release|Any CPU.Build.0 = Release|Any CPU
	EndGlobalSection
	GlobalSection(SolutionProperties) = preSolution
		HideSolutionNode = FALSE
	EndGlobalSection
	GlobalSection(ExtensibilityGlobals) = postSolution
		SolutionGuid = {5C811C30-21AF-4403-9C36-493CA26820FC}
	EndGlobalSection
EndGlobal
